
Microsoft Visual Studio Solution File, Format Version 12.00
# Visual Studio 15
VisualStudioVersion = 15.0.28010.2041
MinimumVisualStudioVersion = 10.0.40219.1
Project("{FAE04EC0-301F-11D3-BF4B-00C04F79EFBC}") = "MK7 KCL Calculator", "MK7 KCL Calculator\MK7 KCL Calculator.csproj", "{C5E4935F-537B-41D9-8D2A-72AC70B4EC12}"
EndProject
Global
	GlobalSection(SolutionConfigurationPlatforms) = preSolution
		Debug|Any CPU = Debug|Any CPU
		Release|Any CPU = Release|Any CPU
	EndGlobalSection
	GlobalSection(ProjectConfigurationPlatforms) = postSolution
		{C5E4935F-537B-41D9-8D2A-72AC70B4EC12}.Debug|Any CPU.ActiveCfg = Debug|Any CPU
		{C5E4935F-537B-41D9-8D2A-72AC70B4EC12}.Debug|Any CPU.Build.0 = Debug|Any CPU
		{C5E4935F-537B-41D9-8D2A-72AC70B4EC12}.Release|Any CPU.ActiveCfg = Release|Any CPU
		{C5E4935F-537B-41D9-8D2A-72AC70B4EC12}.Release|Any CPU.Build.0 = Release|Any CPU
	EndGlobalSection
	GlobalSection(SolutionProperties) = preSolution
		HideSolutionNode = FALSE
	EndGlobalSection
	GlobalSection(ExtensibilityGlobals) = postSolution
		SolutionGuid = {C1A62FE8-E173-4012-9EE0-87447A596F39}
	EndGlobalSection
EndGlobal
